
Microsoft Visual Studio Solution File, Format Version 12.00
# Visual Studio 15
VisualStudioVersion = 15.0.26430.16
MinimumVisualStudioVersion = 10.0.40219.1
Project("{FAE04EC0-301F-11D3-BF4B-00C04F79EFBC}") = "Code.org", "Code.org\Code.org.csproj", "{968CC325-9C89-48FB-BAE0-FC80D865BA32}"
EndProject
Project("{FAE04EC0-301F-11D3-BF4B-00C04F79EFBC}") = "Example01", "Example01\Example01.csproj", "{916C130C-A6E5-4570-AB08-0D0499676CA0}"
EndProject
Project("{FAE04EC0-301F-11D3-BF4B-00C04F79EFBC}") = "Example02", "Example02\Example02.csproj", "{27105A63-E7C0-4FB4-8F96-5D36833D1074}"
EndProject
Global
	GlobalSection(SolutionConfigurationPlatforms) = preSolution
		Debug|Any CPU = Debug|Any CPU
		Release|Any CPU = Release|Any CPU
	EndGlobalSection
	GlobalSection(ProjectConfigurationPlatforms) = postSolution
		{968CC325-9C89-48FB-BAE0-FC80D865BA32}.Debug|Any CPU.ActiveCfg = Debug|Any CPU
		{968CC325-9C89-48FB-BAE0-FC80D865BA32}.Debug|Any CPU.Build.0 = Debug|Any CPU
		{968CC325-9C89-48FB-BAE0-FC80D865BA32}.Release|Any CPU.ActiveCfg = Release|Any CPU
		{968CC325-9C89-48FB-BAE0-FC80D865BA32}.Release|Any CPU.Build.0 = Release|Any CPU
		{916C130C-A6E5-4570-AB08-0D0499676CA0}.Debug|Any CPU.ActiveCfg = Debug|Any CPU
		{916C130C-A6E5-4570-AB08-0D0499676CA0}.Debug|Any CPU.Build.0 = Debug|Any CPU
		{916C130C-A6E5-4570-AB08-0D0499676CA0}.Release|Any CPU.ActiveCfg = Release|Any CPU
		{916C130C-A6E5-4570-AB08-0D0499676CA0}.Release|Any CPU.Build.0 = Release|Any CPU
		{27105A63-E7C0-4FB4-8F96-5D36833D1074}.Debug|Any CPU.ActiveCfg = Debug|Any CPU
		{27105A63-E7C0-4FB4-8F96-5D36833D1074}.Debug|Any CPU.Build.0 = Debug|Any CPU
		{27105A63-E7C0-4FB4-8F96-5D36833D1074}.Release|Any CPU.ActiveCfg = Release|Any CPU
		{27105A63-E7C0-4FB4-8F96-5D36833D1074}.Release|Any CPU.Build.0 = Release|Any CPU
	EndGlobalSection
	GlobalSection(SolutionProperties) = preSolution
		HideSolutionNode = FALSE
	EndGlobalSection
EndGlobal
