
Microsoft Visual Studio Solution File, Format Version 12.00
# Visual Studio 15
VisualStudioVersion = 15.0.26430.16
MinimumVisualStudioVersion = 10.0.40219.1
Project("{FAE04EC0-301F-11D3-BF4B-00C04F79EFBC}") = "Code.org", "Code.org\Code.org.csproj", "{9D31409B-001E-4DC5-BA8B-7F320FE00C6B}"
EndProject
Project("{FAE04EC0-301F-11D3-BF4B-00C04F79EFBC}") = "Example01", "Example01\Example01.csproj", "{6CEA22DE-636D-4157-B9FD-56E1D88A9C7B}"
EndProject
Project("{FAE04EC0-301F-11D3-BF4B-00C04F79EFBC}") = "Example02", "WindowsFormsApp2\Example02.csproj", "{D4E7430C-3299-405B-BD07-246F8FB7FC8A}"
EndProject
Global
	GlobalSection(SolutionConfigurationPlatforms) = preSolution
		Debug|Any CPU = Debug|Any CPU
		Release|Any CPU = Release|Any CPU
	EndGlobalSection
	GlobalSection(ProjectConfigurationPlatforms) = postSolution
		{9D31409B-001E-4DC5-BA8B-7F320FE00C6B}.Debug|Any CPU.ActiveCfg = Debug|Any CPU
		{9D31409B-001E-4DC5-BA8B-7F320FE00C6B}.Debug|Any CPU.Build.0 = Debug|Any CPU
		{9D31409B-001E-4DC5-BA8B-7F320FE00C6B}.Release|Any CPU.ActiveCfg = Release|Any CPU
		{9D31409B-001E-4DC5-BA8B-7F320FE00C6B}.Release|Any CPU.Build.0 = Release|Any CPU
		{6CEA22DE-636D-4157-B9FD-56E1D88A9C7B}.Debug|Any CPU.ActiveCfg = Debug|Any CPU
		{6CEA22DE-636D-4157-B9FD-56E1D88A9C7B}.Debug|Any CPU.Build.0 = Debug|Any CPU
		{6CEA22DE-636D-4157-B9FD-56E1D88A9C7B}.Release|Any CPU.ActiveCfg = Release|Any CPU
		{6CEA22DE-636D-4157-B9FD-56E1D88A9C7B}.Release|Any CPU.Build.0 = Release|Any CPU
		{D4E7430C-3299-405B-BD07-246F8FB7FC8A}.Debug|Any CPU.ActiveCfg = Debug|Any CPU
		{D4E7430C-3299-405B-BD07-246F8FB7FC8A}.Debug|Any CPU.Build.0 = Debug|Any CPU
		{D4E7430C-3299-405B-BD07-246F8FB7FC8A}.Release|Any CPU.ActiveCfg = Release|Any CPU
		{D4E7430C-3299-405B-BD07-246F8FB7FC8A}.Release|Any CPU.Build.0 = Release|Any CPU
	EndGlobalSection
	GlobalSection(SolutionProperties) = preSolution
		HideSolutionNode = FALSE
	EndGlobalSection
EndGlobal
