
Microsoft Visual Studio Solution File, Format Version 12.00
# Visual Studio 15
VisualStudioVersion = 15.0.26430.16
MinimumVisualStudioVersion = 10.0.40219.1
Project("{FAE04EC0-301F-11D3-BF4B-00C04F79EFBC}") = "PokemonGo.Core", "PokemonGo.Core\PokemonGo.Core.csproj", "{8D538CBF-F5A9-464E-8840-81ED1801B5DC}"
EndProject
Project("{FAE04EC0-301F-11D3-BF4B-00C04F79EFBC}") = "PokemonGoWinForm", "PokemonGoWinForm\PokemonGoWinForm.csproj", "{EE96F434-CEFF-4F63-9FCC-E55236800170}"
EndProject
Global
	GlobalSection(SolutionConfigurationPlatforms) = preSolution
		Debug|Any CPU = Debug|Any CPU
		Release|Any CPU = Release|Any CPU
	EndGlobalSection
	GlobalSection(ProjectConfigurationPlatforms) = postSolution
		{8D538CBF-F5A9-464E-8840-81ED1801B5DC}.Debug|Any CPU.ActiveCfg = Debug|Any CPU
		{8D538CBF-F5A9-464E-8840-81ED1801B5DC}.Debug|Any CPU.Build.0 = Debug|Any CPU
		{8D538CBF-F5A9-464E-8840-81ED1801B5DC}.Release|Any CPU.ActiveCfg = Release|Any CPU
		{8D538CBF-F5A9-464E-8840-81ED1801B5DC}.Release|Any CPU.Build.0 = Release|Any CPU
		{EE96F434-CEFF-4F63-9FCC-E55236800170}.Debug|Any CPU.ActiveCfg = Debug|Any CPU
		{EE96F434-CEFF-4F63-9FCC-E55236800170}.Debug|Any CPU.Build.0 = Debug|Any CPU
		{EE96F434-CEFF-4F63-9FCC-E55236800170}.Release|Any CPU.ActiveCfg = Release|Any CPU
		{EE96F434-CEFF-4F63-9FCC-E55236800170}.Release|Any CPU.Build.0 = Release|Any CPU
	EndGlobalSection
	GlobalSection(SolutionProperties) = preSolution
		HideSolutionNode = FALSE
	EndGlobalSection
EndGlobal
