
Microsoft Visual Studio Solution File, Format Version 12.00
# Visual Studio 15
VisualStudioVersion = 15.0.26430.16
MinimumVisualStudioVersion = 10.0.40219.1
Project("{FAE04EC0-301F-11D3-BF4B-00C04F79EFBC}") = "Problem1", "Problem1\Problem1.csproj", "{318E521B-44BE-4F2F-A837-8F820A6745C4}"
EndProject
Project("{FAE04EC0-301F-11D3-BF4B-00C04F79EFBC}") = "Problem2", "Problem2\Problem2.csproj", "{FB1707C8-15AA-412A-BAB0-406974DD6B76}"
EndProject
Global
	GlobalSection(SolutionConfigurationPlatforms) = preSolution
		Debug|Any CPU = Debug|Any CPU
		Release|Any CPU = Release|Any CPU
	EndGlobalSection
	GlobalSection(ProjectConfigurationPlatforms) = postSolution
		{318E521B-44BE-4F2F-A837-8F820A6745C4}.Debug|Any CPU.ActiveCfg = Debug|Any CPU
		{318E521B-44BE-4F2F-A837-8F820A6745C4}.Debug|Any CPU.Build.0 = Debug|Any CPU
		{318E521B-44BE-4F2F-A837-8F820A6745C4}.Release|Any CPU.ActiveCfg = Release|Any CPU
		{318E521B-44BE-4F2F-A837-8F820A6745C4}.Release|Any CPU.Build.0 = Release|Any CPU
		{FB1707C8-15AA-412A-BAB0-406974DD6B76}.Debug|Any CPU.ActiveCfg = Debug|Any CPU
		{FB1707C8-15AA-412A-BAB0-406974DD6B76}.Debug|Any CPU.Build.0 = Debug|Any CPU
		{FB1707C8-15AA-412A-BAB0-406974DD6B76}.Release|Any CPU.ActiveCfg = Release|Any CPU
		{FB1707C8-15AA-412A-BAB0-406974DD6B76}.Release|Any CPU.Build.0 = Release|Any CPU
	EndGlobalSection
	GlobalSection(SolutionProperties) = preSolution
		HideSolutionNode = FALSE
	EndGlobalSection
EndGlobal
